// !$*UTF8*$!
{
	archiveVersion = 1;
	classes = {
	};
	objectVersion = 50;
	objects = {

/* Begin PBXBuildFile section */
		667F1ABC24018BAE00F337EA /* AppDelegate.swift in Sources */ = {isa = PBXBuildFile; fileRef = 667F1ABB24018BAE00F337EA /* AppDelegate.swift */; };
		667F1ABE24018BAE00F337EA /* SceneDelegate.swift in Sources */ = {isa = PBXBuildFile; fileRef = 667F1ABD24018BAE00F337EA /* SceneDelegate.swift */; };
		667F1AC024018BAE00F337EA /* ViewController.swift in Sources */ = {isa = PBXBuildFile; fileRef = 667F1ABF24018BAE00F337EA /* ViewController.swift */; };
		667F1AC324018BAE00F337EA /* Main.storyboard in Resources */ = {isa = PBXBuildFile; fileRef = 667F1AC124018BAE00F337EA /* Main.storyboard */; };
		667F1AC524018BB000F337EA /* Assets.xcassets in Resources */ = {isa = PBXBuildFile; fileRef = 667F1AC424018BB000F337EA /* Assets.xcassets */; };
		667F1AC824018BB000F337EA /* LaunchScreen.storyboard in Resources */ = {isa = PBXBuildFile; fileRef = 667F1AC624018BB000F337EA /* LaunchScreen.storyboard */; };
		667F1AD02401A74500F337EA /* DetailViewController.swift in Sources */ = {isa = PBXBuildFile; fileRef = 667F1ACF2401A74500F337EA /* DetailViewController.swift */; };
/* End PBXBuildFile section */

/* Begin PBXFileReference section */
		667F1AB824018BAE00F337EA /* Tablas.app */ = {isa = PBXFileReference; explicitFileType = wrapper.application; includeInIndex = 0; path = Tablas.app; sourceTree = BUILT_PRODUCTS_DIR; };
		667F1ABB24018BAE00F337EA /* AppDelegate.swift */ = {isa = PBXFileReference; lastKnownFileType = sourcecode.swift; path = AppDelegate.swift; sourceTree = "<group>"; };
		667F1ABD24018BAE00F337EA /* SceneDelegate.swift */ = {isa = PBXFileReference; lastKnownFileType = sourcecode.swift; path = SceneDelegate.swift; sourceTree = "<group>"; };
		667F1ABF24018BAE00F337EA /* ViewController.swift */ = {isa = PBXFileReference; lastKnownFileType = sourcecode.swift; path = ViewController.swift; sourceTree = "<group>"; };
		667F1AC224018BAE00F337EA /* Base */ = {isa = PBXFileReference; lastKnownFileType = file.storyboard; name = Base; path = Base.lproj/Main.storyboard; sourceTree = "<group>"; };
		667F1AC424018BB000F337EA /* Assets.xcassets */ = {isa = PBXFileReference; lastKnownFileType = folder.assetcatalog; path = Assets.xcassets; sourceTree = "<group>"; };
		667F1AC724018BB000F337EA /* Base */ = {isa = PBXFileReference; lastKnownFileType = file.storyboard; name = Base; path = Base.lproj/LaunchScreen.storyboard; sourceTree = "<group>"; };
		667F1AC924018BB000F337EA /* Info.plist */ = {isa = PBXFileReference; lastKnownFileType = text.plist.xml; path = Info.plist; sourceTree = "<group>"; };
		667F1ACF2401A74500F337EA /* DetailViewController.swift */ = {isa = PBXFileReference; lastKnownFileType = sourcecode.swift; path = DetailViewController.swift; sourceTree = "<group>"; };
/* End PBXFileReference section */

/* Begin PBXFrameworksBuildPhase section */
		667F1AB524018BAE00F337EA /* Frameworks */ = {
			isa = PBXFrameworksBuildPhase;
			buildActionMask = 2147483647;
			files = (
			);
			runOnlyForDeploymentPostprocessing = 0;
		};
/* End PBXFrameworksBuildPhase section */

/* Begin PBXGroup section */
		667F1AAF24018BAE00F337EA = {
			isa = PBXGroup;
			children = (
				667F1ABA24018BAE00F337EA /* Tablas */,
				667F1AB924018BAE00F337EA /* Products */,
			);
			sourceTree = "<group>";
		};
		667F1AB924018BAE00F337EA /* Products */ = {
			isa = PBXGroup;
			children = (
				667F1AB824018BAE00F337EA /* Tablas.app */,
			);
			name = Products;
			sourceTree = "<group>";
		};
		667F1ABA24018BAE00F337EA /* Tablas */ = {
			isa = PBXGroup;
			children = (
				667F1ABB24018BAE00F337EA /* AppDelegate.swift */,
				667F1ABD24018BAE00F337EA /* SceneDelegate.swift */,
				667F1ABF24018BAE00F337EA /* ViewController.swift */,
				667F1AC124018BAE00F337EA /* Main.storyboard */,
				667F1AC424018BB000F337EA /* Assets.xcassets */,
				667F1AC624018BB000F337EA /* LaunchScreen.storyboard */,
				667F1AC924018BB000F337EA /* Info.plist */,
				667F1ACF2401A74500F337EA /* DetailViewController.swift */,
			);
			path = Tablas;
			sourceTree = "<group>";
		};
/* End PBXGroup section */

/* Begin PBXNativeTarget section */
		667F1AB724018BAE00F337EA /* Tablas */ = {
			isa = PBXNativeTarget;
			buildConfigurationList = 667F1ACC24018BB000F337EA /* Build configuration list for PBXNativeTarget "Tablas" */;
			buildPhases = (
				667F1AB424018BAE00F337EA /* Sources */,
				667F1AB524018BAE00F337EA /* Frameworks */,
				667F1AB624018BAE00F337EA /* Resources */,
			);
			buildRules = (
			);
			dependencies = (
			);
			name = Tablas;
			productName = Tablas;
			productReference = 667F1AB824018BAE00F337EA /* Tablas.app */;
			productType = "com.apple.product-type.application";
		};
/* End PBXNativeTarget section */

/* Begin PBXProject section */
		667F1AB024018BAE00F337EA /* Project object */ = {
			isa = PBXProject;
			attributes = {
				LastSwiftUpdateCheck = 1130;
				LastUpgradeCheck = 1130;
				ORGANIZATIONNAME = galios;
				TargetAttributes = {
					667F1AB724018BAE00F337EA = {
						CreatedOnToolsVersion = 11.3;
					};
				};
			};
			buildConfigurationList = 667F1AB324018BAE00F337EA /* Build configuration list for PBXProject "Tablas" */;
			compatibilityVersion = "Xcode 9.3";
			developmentRegion = en;
			hasScannedForEncodings = 0;
			knownRegions = (
				en,
				Base,
			);
			mainGroup = 667F1AAF24018BAE00F337EA;
			productRefGroup = 667F1AB924018BAE00F337EA /* Products */;
			projectDirPath = "";
			projectRoot = "";
			targets = (
				667F1AB724018BAE00F337EA /* Tablas */,
			);
		};
/* End PBXProject section */

/* Begin PBXResourcesBuildPhase section */
		667F1AB624018BAE00F337EA /* Resources */ = {
			isa = PBXResourcesBuildPhase;
			buildActionMask = 2147483647;
			files = (
				667F1AC824018BB000F337EA /* LaunchScreen.storyboard in Resources */,
				667F1AC524018BB000F337EA /* Assets.xcassets in Resources */,
				667F1AC324018BAE00F337EA /* Main.storyboard in Resources */,
			);
			runOnlyForDeploymentPostprocessing = 0;
		};
/* End PBXResourcesBuildPhase section */

/* Begin PBXSourcesBuildPhase section */
		667F1AB424018BAE00F337EA /* Sources */ = {
			isa = PBXSourcesBuildPhase;
			buildActionMask = 2147483647;
			files = (
				667F1AC024018BAE00F337EA /* ViewController.swift in Sources */,
				667F1ABC24018BAE00F337EA /* AppDelegate.swift in Sources */,
				667F1ABE24018BAE00F337EA /* SceneDelegate.swift in Sources */,
				667F1AD02401A74500F337EA /* DetailViewController.swift in Sources */,
			);
			runOnlyForDeploymentPostprocessing = 0;
		};
/* End PBXSourcesBuildPhase section */

/* Begin PBXVariantGroup section */
		667F1AC124018BAE00F337EA /* Main.storyboard */ = {
			isa = PBXVariantGroup;
			children = (
				667F1AC224018BAE00F337EA /* Base */,
			);
			name = Main.storyboard;
			sourceTree = "<group>";
		};
		667F1AC624018BB000F337EA /* LaunchScreen.storyboard */ = {
			isa = PBXVariantGroup;
			children = (
				667F1AC724018BB000F337EA /* Base */,
			);
			name = LaunchScreen.storyboard;
			sourceTree = "<group>";
		};
/* End PBXVariantGroup section */

/* Begin XCBuildConfiguration section */
		667F1ACA24018BB000F337EA /* Debug */ = {
			isa = XCBuildConfiguration;
			buildSettings = {
				ALWAYS_SEARCH_USER_PATHS = NO;
				CLANG_ANALYZER_NONNULL = YES;
				CLANG_ANALYZER_NUMBER_OBJECT_CONVERSION = YES_AGGRESSIVE;
				CLANG_CXX_LANGUAGE_STANDARD = "gnu++14";
				CLANG_CXX_LIBRARY = "libc++";
				CLANG_ENABLE_MODULES = YES;
				CLANG_ENABLE_OBJC_ARC = YES;
				CLANG_ENABLE_OBJC_WEAK = YES;
				CLANG_WARN_BLOCK_CAPTURE_AUTORELEASING = YES;
				CLANG_WARN_BOOL_CONVERSION = YES;
				CLANG_WARN_COMMA = YES;
				CLANG_WARN_CONSTANT_CONVERSION = YES;
				CLANG_WARN_DEPRECATED_OBJC_IMPLEMENTATIONS = YES;
				CLANG_WARN_DIRECT_OBJC_ISA_USAGE = YES_ERROR;
				CLANG_WARN_DOCUMENTATION_COMMENTS = YES;
				CLANG_WARN_EMPTY_BODY = YES;
				CLANG_WARN_ENUM_CONVERSION = YES;
				CLANG_WARN_INFINITE_RECURSION = YES;
				CLANG_WARN_INT_CONVERSION = YES;
				CLANG_WARN_NON_LITERAL_NULL_CONVERSION = YES;
				CLANG_WARN_OBJC_IMPLICIT_RETAIN_SELF = YES;
				CLANG_WARN_OBJC_LITERAL_CONVERSION = YES;
				CLANG_WARN_OBJC_ROOT_CLASS = YES_ERROR;
				CLANG_WARN_RANGE_LOOP_ANALYSIS = YES;
				CLANG_WARN_STRICT_PROTOTYPES = YES;
				CLANG_WARN_SUSPICIOUS_MOVE = YES;
				CLANG_WARN_UNGUARDED_AVAILABILITY = YES_AGGRESSIVE;
				CLANG_WARN_UNREACHABLE_CODE = YES;
				CLANG_WARN__DUPLICATE_METHOD_MATCH = YES;
				COPY_PHASE_STRIP = NO;
				DEBUG_INFORMATION_FORMAT = dwarf;
				ENABLE_STRICT_OBJC_MSGSEND = YES;
				ENABLE_TESTABILITY = YES;
				GCC_C_LANGUAGE_STANDARD = gnu11;
				GCC_DYNAMIC_NO_PIC = NO;
				GCC_NO_COMMON_BLOCKS = YES;
				GCC_OPTIMIZATION_LEVEL = 0;
				GCC_PREPROCESSOR_DEFINITIONS = (
					"DEBUG=1",
					"$(inherited)",
				);
				GCC_WARN_64_TO_32_BIT_CONVERSION = YES;
				GCC_WARN_ABOUT_RETURN_TYPE = YES_ERROR;
				GCC_WARN_UNDECLARED_SELECTOR = YES;
				GCC_WARN_UNINITIALIZED_AUTOS = YES_AGGRESSIVE;
				GCC_WARN_UNUSED_FUNCTION = YES;
				GCC_WARN_UNUSED_VARIABLE = YES;
				IPHONEOS_DEPLOYMENT_TARGET = 13.2;
				MTL_ENABLE_DEBUG_INFO = INCLUDE_SOURCE;
				MTL_FAST_MATH = YES;
				ONLY_ACTIVE_ARCH = YES;
				SDKROOT = iphoneos;
				SWIFT_ACTIVE_COMPILATION_CONDITIONS = DEBUG;
				SWIFT_OPTIMIZATION_LEVEL = "-Onone";
			};
			name = Debug;
		};
		667F1ACB24018BB000F337EA /* Release */ = {
			isa = XCBuildConfiguration;
			buildSettings = {
				ALWAYS_SEARCH_USER_PATHS = NO;
				CLANG_ANALYZER_NONNULL = YES;
				CLANG_ANALYZER_NUMBER_OBJECT_CONVERSION = YES_AGGRESSIVE;
				CLANG_CXX_LANGUAGE_STANDARD = "gnu++14";
				CLANG_CXX_LIBRARY = "libc++";
				CLANG_ENABLE_MODULES = YES;
				CLANG_ENABLE_OBJC_ARC = YES;
				CLANG_ENABLE_OBJC_WEAK = YES;
				CLANG_WARN_BLOCK_CAPTURE_AUTORELEASING = YES;
				CLANG_WARN_BOOL_CONVERSION = YES;
				CLANG_WARN_COMMA = YES;
				CLANG_WARN_CONSTANT_CONVERSION = YES;
				CLANG_WARN_DEPRECATED_OBJC_IMPLEMENTATIONS = YES;
				CLANG_WARN_DIRECT_OBJC_ISA_USAGE = YES_ERROR;
				CLANG_WARN_DOCUMENTATION_COMMENTS = YES;
				CLANG_WARN_EMPTY_BODY = YES;
				CLANG_WARN_ENUM_CONVERSION = YES;
				CLANG_WARN_INFINITE_RECURSION = YES;
				CLANG_WARN_INT_CONVERSION = YES;
				CLANG_WARN_NON_LITERAL_NULL_CONVERSION = YES;
				CLANG_WARN_OBJC_IMPLICIT_RETAIN_SELF = YES;
				CLANG_WARN_OBJC_LITERAL_CONVERSION = YES;
				CLANG_WARN_OBJC_ROOT_CLASS = YES_ERROR;
				CLANG_WARN_RANGE_LOOP_ANALYSIS = YES;
				CLANG_WARN_STRICT_PROTOTYPES = YES;
				CLANG_WARN_SUSPICIOUS_MOVE = YES;
				CLANG_WARN_UNGUARDED_AVAILABILITY = YES_AGGRESSIVE;
				CLANG_WARN_UNREACHABLE_CODE = YES;
				CLANG_WARN__DUPLICATE_METHOD_MATCH = YES;
				COPY_PHASE_STRIP = NO;
				DEBUG_INFORMATION_FORMAT = "dwarf-with-dsym";
				ENABLE_NS_ASSERTIONS = NO;
				ENABLE_STRICT_OBJC_MSGSEND = YES;
				GCC_C_LANGUAGE_STANDARD = gnu11;
				GCC_NO_COMMON_BLOCKS = YES;
				GCC_WARN_64_TO_32_BIT_CONVERSION = YES;
				GCC_WARN_ABOUT_RETURN_TYPE = YES_ERROR;
				GCC_WARN_UNDECLARED_SELECTOR = YES;
				GCC_WARN_UNINITIALIZED_AUTOS = YES_AGGRESSIVE;
				GCC_WARN_UNUSED_FUNCTION = YES;
				GCC_WARN_UNUSED_VARIABLE = YES;
				IPHONEOS_DEPLOYMENT_TARGET = 13.2;
				MTL_ENABLE_DEBUG_INFO = NO;
				MTL_FAST_MATH = YES;
				SDKROOT = iphoneos;
				SWIFT_COMPILATION_MODE = wholemodule;
				SWIFT_OPTIMIZATION_LEVEL = "-O";
				VALIDATE_PRODUCT = YES;
			};
			name = Release;
		};
		667F1ACD24018BB000F337EA /* Debug */ = {
			isa = XCBuildConfiguration;
			buildSettings = {
				ASSETCATALOG_COMPILER_APPICON_NAME = AppIcon;
				CODE_SIGN_STYLE = Automatic;
				INFOPLIST_FILE = Tablas/Info.plist;
				LD_RUNPATH_SEARCH_PATHS = (
					"$(inherited)",
					"@executable_path/Frameworks",
				);
				PRODUCT_BUNDLE_IDENTIFIER = com.galios.Tablas;
				PRODUCT_NAME = "$(TARGET_NAME)";
				SWIFT_VERSION = 5.0;
				TARGETED_DEVICE_FAMILY = "1,2";
			};
			name = Debug;
		};
		667F1ACE24018BB000F337EA /* Release */ = {
			isa = XCBuildConfiguration;
			buildSettings = {
				ASSETCATALOG_COMPILER_APPICON_NAME = AppIcon;
				CODE_SIGN_STYLE = Automatic;
				INFOPLIST_FILE = Tablas/Info.plist;
				LD_RUNPATH_SEARCH_PATHS = (
					"$(inherited)",
					"@executable_path/Frameworks",
				);
				PRODUCT_BUNDLE_IDENTIFIER = com.galios.Tablas;
				PRODUCT_NAME = "$(TARGET_NAME)";
				SWIFT_VERSION = 5.0;
				TARGETED_DEVICE_FAMILY = "1,2";
			};
			name = Release;
		};
/* End XCBuildConfiguration section */

/* Begin XCConfigurationList section */
		667F1AB324018BAE00F337EA /* Build configuration list for PBXProject "Tablas" */ = {
			isa = XCConfigurationList;
			buildConfigurations = (
				667F1ACA24018BB000F337EA /* Debug */,
				667F1ACB24018BB000F337EA /* Release */,
			);
			defaultConfigurationIsVisible = 0;
			defaultConfigurationName = Release;
		};
		667F1ACC24018BB000F337EA /* Build configuration list for PBXNativeTarget "Tablas" */ = {
			isa = XCConfigurationList;
			buildConfigurations = (
				667F1ACD24018BB000F337EA /* Debug */,
				667F1ACE24018BB000F337EA /* Release */,
			);
			defaultConfigurationIsVisible = 0;
			defaultConfigurationName = Release;
		};
/* End XCConfigurationList section */
	};
	rootObject = 667F1AB024018BAE00F337EA /* Project object */;
}
